
Microsoft Visual Studio Solution File, Format Version 12.00
# Visual Studio Version 17
VisualStudioVersion = 17.0.31903.59
MinimumVisualStudioVersion = 10.0.40219.1
Project("{2150E333-8FDC-42A3-9474-1A3956D46DE8}") = "src", "src", "{827E0CD3-B72D-47B6-A68D-7590B98EB39B}"
EndProject
Project("{FAE04EC0-301F-11D3-BF4B-00C04F79EFBC}") = "Elsa.QuizSocket", "src\Elsa.QuizSocket\Elsa.QuizSocket.csproj", "{9E64A8AB-A8E5-42AD-84A5-8A30063660DE}"
EndProject
Project("{FAE04EC0-301F-11D3-BF4B-00C04F79EFBC}") = "Elsa.QuizAPI", "src\Elsa.QuizAPI\Elsa.QuizAPI.csproj", "{573D98C6-7EAA-446B-98F5-F6B2CDB1AB24}"
EndProject
Global
	GlobalSection(SolutionConfigurationPlatforms) = preSolution
		Debug|Any CPU = Debug|Any CPU
		Debug|x64 = Debug|x64
		Debug|x86 = Debug|x86
		Release|Any CPU = Release|Any CPU
		Release|x64 = Release|x64
		Release|x86 = Release|x86
	EndGlobalSection
	GlobalSection(ProjectConfigurationPlatforms) = postSolution
		{9E64A8AB-A8E5-42AD-84A5-8A30063660DE}.Debug|Any CPU.ActiveCfg = Debug|Any CPU
		{9E64A8AB-A8E5-42AD-84A5-8A30063660DE}.Debug|Any CPU.Build.0 = Debug|Any CPU
		{9E64A8AB-A8E5-42AD-84A5-8A30063660DE}.Debug|x64.ActiveCfg = Debug|Any CPU
		{9E64A8AB-A8E5-42AD-84A5-8A30063660DE}.Debug|x64.Build.0 = Debug|Any CPU
		{9E64A8AB-A8E5-42AD-84A5-8A30063660DE}.Debug|x86.ActiveCfg = Debug|Any CPU
		{9E64A8AB-A8E5-42AD-84A5-8A30063660DE}.Debug|x86.Build.0 = Debug|Any CPU
		{9E64A8AB-A8E5-42AD-84A5-8A30063660DE}.Release|Any CPU.ActiveCfg = Release|Any CPU
		{9E64A8AB-A8E5-42AD-84A5-8A30063660DE}.Release|Any CPU.Build.0 = Release|Any CPU
		{9E64A8AB-A8E5-42AD-84A5-8A30063660DE}.Release|x64.ActiveCfg = Release|Any CPU
		{9E64A8AB-A8E5-42AD-84A5-8A30063660DE}.Release|x64.Build.0 = Release|Any CPU
		{9E64A8AB-A8E5-42AD-84A5-8A30063660DE}.Release|x86.ActiveCfg = Release|Any CPU
		{9E64A8AB-A8E5-42AD-84A5-8A30063660DE}.Release|x86.Build.0 = Release|Any CPU
		{573D98C6-7EAA-446B-98F5-F6B2CDB1AB24}.Debug|Any CPU.ActiveCfg = Debug|Any CPU
		{573D98C6-7EAA-446B-98F5-F6B2CDB1AB24}.Debug|Any CPU.Build.0 = Debug|Any CPU
		{573D98C6-7EAA-446B-98F5-F6B2CDB1AB24}.Debug|x64.ActiveCfg = Debug|Any CPU
		{573D98C6-7EAA-446B-98F5-F6B2CDB1AB24}.Debug|x64.Build.0 = Debug|Any CPU
		{573D98C6-7EAA-446B-98F5-F6B2CDB1AB24}.Debug|x86.ActiveCfg = Debug|Any CPU
		{573D98C6-7EAA-446B-98F5-F6B2CDB1AB24}.Debug|x86.Build.0 = Debug|Any CPU
		{573D98C6-7EAA-446B-98F5-F6B2CDB1AB24}.Release|Any CPU.ActiveCfg = Release|Any CPU
		{573D98C6-7EAA-446B-98F5-F6B2CDB1AB24}.Release|Any CPU.Build.0 = Release|Any CPU
		{573D98C6-7EAA-446B-98F5-F6B2CDB1AB24}.Release|x64.ActiveCfg = Release|Any CPU
		{573D98C6-7EAA-446B-98F5-F6B2CDB1AB24}.Release|x64.Build.0 = Release|Any CPU
		{573D98C6-7EAA-446B-98F5-F6B2CDB1AB24}.Release|x86.ActiveCfg = Release|Any CPU
		{573D98C6-7EAA-446B-98F5-F6B2CDB1AB24}.Release|x86.Build.0 = Release|Any CPU
	EndGlobalSection
	GlobalSection(SolutionProperties) = preSolution
		HideSolutionNode = FALSE
	EndGlobalSection
	GlobalSection(NestedProjects) = preSolution
		{9E64A8AB-A8E5-42AD-84A5-8A30063660DE} = {827E0CD3-B72D-47B6-A68D-7590B98EB39B}
		{573D98C6-7EAA-446B-98F5-F6B2CDB1AB24} = {827E0CD3-B72D-47B6-A68D-7590B98EB39B}
	EndGlobalSection
EndGlobal
